// !$*UTF8*$!
{
	archiveVersion = 1;
	classes = {
	};
	objectVersion = 50;
	objects = {

/* Begin PBXBuildFile section */
		5FDFC70722986FE0009B263D /* AppDelegate.swift in Sources */ = {isa = PBXBuildFile; fileRef = 5FDFC70622986FE0009B263D /* AppDelegate.swift */; };
		5FDFC70922986FE0009B263D /* ViewController.swift in Sources */ = {isa = PBXBuildFile; fileRef = 5FDFC70822986FE0009B263D /* ViewController.swift */; };
		5FDFC70C22986FE0009B263D /* Main.storyboard in Resources */ = {isa = PBXBuildFile; fileRef = 5FDFC70A22986FE0009B263D /* Main.storyboard */; };
		5FDFC70E22986FE2009B263D /* Assets.xcassets in Resources */ = {isa = PBXBuildFile; fileRef = 5FDFC70D22986FE2009B263D /* Assets.xcassets */; };
		5FDFC71122986FE2009B263D /* LaunchScreen.storyboard in Resources */ = {isa = PBXBuildFile; fileRef = 5FDFC70F22986FE2009B263D /* LaunchScreen.storyboard */; };
		5FDFC71C22986FE2009B263D /* FigmaTests.swift in Sources */ = {isa = PBXBuildFile; fileRef = 5FDFC71B22986FE2009B263D /* FigmaTests.swift */; };
/* End PBXBuildFile section */

/* Begin PBXContainerItemProxy section */
		5FDFC71822986FE2009B263D /* PBXContainerItemProxy */ = {
			isa = PBXContainerItemProxy;
			containerPortal = 5FDFC6FB22986FE0009B263D /* Project object */;
			proxyType = 1;
			remoteGlobalIDString = 5FDFC70222986FE0009B263D;
			remoteInfo = Figma;
		};
/* End PBXContainerItemProxy section */

/* Begin PBXFileReference section */
		5FDFC70322986FE0009B263D /* Figma.app */ = {isa = PBXFileReference; explicitFileType = wrapper.application; includeInIndex = 0; path = Figma.app; sourceTree = BUILT_PRODUCTS_DIR; };
		5FDFC70622986FE0009B263D /* AppDelegate.swift */ = {isa = PBXFileReference; lastKnownFileType = sourcecode.swift; path = AppDelegate.swift; sourceTree = "<group>"; };
		5FDFC70822986FE0009B263D /* ViewController.swift */ = {isa = PBXFileReference; lastKnownFileType = sourcecode.swift; path = ViewController.swift; sourceTree = "<group>"; };
		5FDFC70B22986FE0009B263D /* Base */ = {isa = PBXFileReference; lastKnownFileType = file.storyboard; name = Base; path = Base.lproj/Main.storyboard; sourceTree = "<group>"; };
		5FDFC70D22986FE2009B263D /* Assets.xcassets */ = {isa = PBXFileReference; lastKnownFileType = folder.assetcatalog; path = Assets.xcassets; sourceTree = "<group>"; };
		5FDFC71022986FE2009B263D /* Base */ = {isa = PBXFileReference; lastKnownFileType = file.storyboard; name = Base; path = Base.lproj/LaunchScreen.storyboard; sourceTree = "<group>"; };
		5FDFC71222986FE2009B263D /* Info.plist */ = {isa = PBXFileReference; lastKnownFileType = text.plist.xml; path = Info.plist; sourceTree = "<group>"; };
		5FDFC71722986FE2009B263D /* FigmaTests.xctest */ = {isa = PBXFileReference; explicitFileType = wrapper.cfbundle; includeInIndex = 0; path = FigmaTests.xctest; sourceTree = BUILT_PRODUCTS_DIR; };
		5FDFC71B22986FE2009B263D /* FigmaTests.swift */ = {isa = PBXFileReference; lastKnownFileType = sourcecode.swift; path = FigmaTests.swift; sourceTree = "<group>"; };
		5FDFC71D22986FE2009B263D /* Info.plist */ = {isa = PBXFileReference; lastKnownFileType = text.plist.xml; path = Info.plist; sourceTree = "<group>"; };
/* End PBXFileReference section */

/* Begin PBXFrameworksBuildPhase section */
		5FDFC70022986FE0009B263D /* Frameworks */ = {
			isa = PBXFrameworksBuildPhase;
			buildActionMask = 2147483647;
			files = (
			);
			runOnlyForDeploymentPostprocessing = 0;
		};
		5FDFC71422986FE2009B263D /* Frameworks */ = {
			isa = PBXFrameworksBuildPhase;
			buildActionMask = 2147483647;
			files = (
			);
			runOnlyForDeploymentPostprocessing = 0;
		};
/* End PBXFrameworksBuildPhase section */

/* Begin PBXGroup section */
		5FDFC6FA22986FE0009B263D = {
			isa = PBXGroup;
			children = (
				5FDFC70522986FE0009B263D /* Figma */,
				5FDFC71A22986FE2009B263D /* FigmaTests */,
				5FDFC70422986FE0009B263D /* Products */,
			);
			sourceTree = "<group>";
		};
		5FDFC70422986FE0009B263D /* Products */ = {
			isa = PBXGroup;
			children = (
				5FDFC70322986FE0009B263D /* Figma.app */,
				5FDFC71722986FE2009B263D /* FigmaTests.xctest */,
			);
			name = Products;
			sourceTree = "<group>";
		};
		5FDFC70522986FE0009B263D /* Figma */ = {
			isa = PBXGroup;
			children = (
				5FDFC70622986FE0009B263D /* AppDelegate.swift */,
				5FDFC70822986FE0009B263D /* ViewController.swift */,
				5FDFC70A22986FE0009B263D /* Main.storyboard */,
				5FDFC70D22986FE2009B263D /* Assets.xcassets */,
				5FDFC70F22986FE2009B263D /* LaunchScreen.storyboard */,
				5FDFC71222986FE2009B263D /* Info.plist */,
			);
			path = Figma;
			sourceTree = "<group>";
		};
		5FDFC71A22986FE2009B263D /* FigmaTests */ = {
			isa = PBXGroup;
			children = (
				5FDFC71B22986FE2009B263D /* FigmaTests.swift */,
				5FDFC71D22986FE2009B263D /* Info.plist */,
			);
			path = FigmaTests;
			sourceTree = "<group>";
		};
/* End PBXGroup section */

/* Begin PBXNativeTarget section */
		5FDFC70222986FE0009B263D /* Figma */ = {
			isa = PBXNativeTarget;
			buildConfigurationList = 5FDFC72022986FE2009B263D /* Build configuration list for PBXNativeTarget "Figma" */;
			buildPhases = (
				5FDFC6FF22986FE0009B263D /* Sources */,
				5FDFC70022986FE0009B263D /* Frameworks */,
				5FDFC70122986FE0009B263D /* Resources */,
			);
			buildRules = (
			);
			dependencies = (
			);
			name = Figma;
			productName = Figma;
			productReference = 5FDFC70322986FE0009B263D /* Figma.app */;
			productType = "com.apple.product-type.application";
		};
		5FDFC71622986FE2009B263D /* FigmaTests */ = {
			isa = PBXNativeTarget;
			buildConfigurationList = 5FDFC72322986FE2009B263D /* Build configuration list for PBXNativeTarget "FigmaTests" */;
			buildPhases = (
				5FDFC71322986FE2009B263D /* Sources */,
				5FDFC71422986FE2009B263D /* Frameworks */,
				5FDFC71522986FE2009B263D /* Resources */,
			);
			buildRules = (
			);
			dependencies = (
				5FDFC71922986FE2009B263D /* PBXTargetDependency */,
			);
			name = FigmaTests;
			productName = FigmaTests;
			productReference = 5FDFC71722986FE2009B263D /* FigmaTests.xctest */;
			productType = "com.apple.product-type.bundle.unit-test";
		};
/* End PBXNativeTarget section */

/* Begin PBXProject section */
		5FDFC6FB22986FE0009B263D /* Project object */ = {
			isa = PBXProject;
			attributes = {
				LastSwiftUpdateCheck = 1020;
				LastUpgradeCheck = 1020;
				ORGANIZATIONNAME = Wasim;
				TargetAttributes = {
					5FDFC70222986FE0009B263D = {
						CreatedOnToolsVersion = 10.2.1;
					};
					5FDFC71622986FE2009B263D = {
						CreatedOnToolsVersion = 10.2.1;
						TestTargetID = 5FDFC70222986FE0009B263D;
					};
				};
			};
			buildConfigurationList = 5FDFC6FE22986FE0009B263D /* Build configuration list for PBXProject "Figma" */;
			compatibilityVersion = "Xcode 9.3";
			developmentRegion = en;
			hasScannedForEncodings = 0;
			knownRegions = (
				en,
				Base,
			);
			mainGroup = 5FDFC6FA22986FE0009B263D;
			productRefGroup = 5FDFC70422986FE0009B263D /* Products */;
			projectDirPath = "";
			projectRoot = "";
			targets = (
				5FDFC70222986FE0009B263D /* Figma */,
				5FDFC71622986FE2009B263D /* FigmaTests */,
			);
		};
/* End PBXProject section */

/* Begin PBXResourcesBuildPhase section */
		5FDFC70122986FE0009B263D /* Resources */ = {
			isa = PBXResourcesBuildPhase;
			buildActionMask = 2147483647;
			files = (
				5FDFC71122986FE2009B263D /* LaunchScreen.storyboard in Resources */,
				5FDFC70E22986FE2009B263D /* Assets.xcassets in Resources */,
				5FDFC70C22986FE0009B263D /* Main.storyboard in Resources */,
			);
			runOnlyForDeploymentPostprocessing = 0;
		};
		5FDFC71522986FE2009B263D /* Resources */ = {
			isa = PBXResourcesBuildPhase;
			buildActionMask = 2147483647;
			files = (
			);
			runOnlyForDeploymentPostprocessing = 0;
		};
/* End PBXResourcesBuildPhase section */

/* Begin PBXSourcesBuildPhase section */
		5FDFC6FF22986FE0009B263D /* Sources */ = {
			isa = PBXSourcesBuildPhase;
			buildActionMask = 2147483647;
			files = (
				5FDFC70922986FE0009B263D /* ViewController.swift in Sources */,
				5FDFC70722986FE0009B263D /* AppDelegate.swift in Sources */,
			);
			runOnlyForDeploymentPostprocessing = 0;
		};
		5FDFC71322986FE2009B263D /* Sources */ = {
			isa = PBXSourcesBuildPhase;
			buildActionMask = 2147483647;
			files = (
				5FDFC71C22986FE2009B263D /* FigmaTests.swift in Sources */,
			);
			runOnlyForDeploymentPostprocessing = 0;
		};
/* End PBXSourcesBuildPhase section */

/* Begin PBXTargetDependency section */
		5FDFC71922986FE2009B263D /* PBXTargetDependency */ = {
			isa = PBXTargetDependency;
			target = 5FDFC70222986FE0009B263D /* Figma */;
			targetProxy = 5FDFC71822986FE2009B263D /* PBXContainerItemProxy */;
		};
/* End PBXTargetDependency section */

/* Begin PBXVariantGroup section */
		5FDFC70A22986FE0009B263D /* Main.storyboard */ = {
			isa = PBXVariantGroup;
			children = (
				5FDFC70B22986FE0009B263D /* Base */,
			);
			name = Main.storyboard;
			sourceTree = "<group>";
		};
		5FDFC70F22986FE2009B263D /* LaunchScreen.storyboard */ = {
			isa = PBXVariantGroup;
			children = (
				5FDFC71022986FE2009B263D /* Base */,
			);
			name = LaunchScreen.storyboard;
			sourceTree = "<group>";
		};
/* End PBXVariantGroup section */

/* Begin XCBuildConfiguration section */
		5FDFC71E22986FE2009B263D /* Debug */ = {
			isa = XCBuildConfiguration;
			buildSettings = {
				ALWAYS_SEARCH_USER_PATHS = NO;
				CLANG_ANALYZER_NONNULL = YES;
				CLANG_ANALYZER_NUMBER_OBJECT_CONVERSION = YES_AGGRESSIVE;
				CLANG_CXX_LANGUAGE_STANDARD = "gnu++14";
				CLANG_CXX_LIBRARY = "libc++";
				CLANG_ENABLE_MODULES = YES;
				CLANG_ENABLE_OBJC_ARC = YES;
				CLANG_ENABLE_OBJC_WEAK = YES;
				CLANG_WARN_BLOCK_CAPTURE_AUTORELEASING = YES;
				CLANG_WARN_BOOL_CONVERSION = YES;
				CLANG_WARN_COMMA = YES;
				CLANG_WARN_CONSTANT_CONVERSION = YES;
				CLANG_WARN_DEPRECATED_OBJC_IMPLEMENTATIONS = YES;
				CLANG_WARN_DIRECT_OBJC_ISA_USAGE = YES_ERROR;
				CLANG_WARN_DOCUMENTATION_COMMENTS = YES;
				CLANG_WARN_EMPTY_BODY = YES;
				CLANG_WARN_ENUM_CONVERSION = YES;
				CLANG_WARN_INFINITE_RECURSION = YES;
				CLANG_WARN_INT_CONVERSION = YES;
				CLANG_WARN_NON_LITERAL_NULL_CONVERSION = YES;
				CLANG_WARN_OBJC_IMPLICIT_RETAIN_SELF = YES;
				CLANG_WARN_OBJC_LITERAL_CONVERSION = YES;
				CLANG_WARN_OBJC_ROOT_CLASS = YES_ERROR;
				CLANG_WARN_RANGE_LOOP_ANALYSIS = YES;
				CLANG_WARN_STRICT_PROTOTYPES = YES;
				CLANG_WARN_SUSPICIOUS_MOVE = YES;
				CLANG_WARN_UNGUARDED_AVAILABILITY = YES_AGGRESSIVE;
				CLANG_WARN_UNREACHABLE_CODE = YES;
				CLANG_WARN__DUPLICATE_METHOD_MATCH = YES;
				CODE_SIGN_IDENTITY = "iPhone Developer";
				COPY_PHASE_STRIP = NO;
				DEBUG_INFORMATION_FORMAT = dwarf;
				ENABLE_STRICT_OBJC_MSGSEND = YES;
				ENABLE_TESTABILITY = YES;
				GCC_C_LANGUAGE_STANDARD = gnu11;
				GCC_DYNAMIC_NO_PIC = NO;
				GCC_NO_COMMON_BLOCKS = YES;
				GCC_OPTIMIZATION_LEVEL = 0;
				GCC_PREPROCESSOR_DEFINITIONS = (
					"DEBUG=1",
					"$(inherited)",
				);
				GCC_WARN_64_TO_32_BIT_CONVERSION = YES;
				GCC_WARN_ABOUT_RETURN_TYPE = YES_ERROR;
				GCC_WARN_UNDECLARED_SELECTOR = YES;
				GCC_WARN_UNINITIALIZED_AUTOS = YES_AGGRESSIVE;
				GCC_WARN_UNUSED_FUNCTION = YES;
				GCC_WARN_UNUSED_VARIABLE = YES;
				IPHONEOS_DEPLOYMENT_TARGET = 12.2;
				MTL_ENABLE_DEBUG_INFO = INCLUDE_SOURCE;
				MTL_FAST_MATH = YES;
				ONLY_ACTIVE_ARCH = YES;
				SDKROOT = iphoneos;
				SWIFT_ACTIVE_COMPILATION_CONDITIONS = DEBUG;
				SWIFT_OPTIMIZATION_LEVEL = "-Onone";
			};
			name = Debug;
		};
		5FDFC71F22986FE2009B263D /* Release */ = {
			isa = XCBuildConfiguration;
			buildSettings = {
				ALWAYS_SEARCH_USER_PATHS = NO;
				CLANG_ANALYZER_NONNULL = YES;
				CLANG_ANALYZER_NUMBER_OBJECT_CONVERSION = YES_AGGRESSIVE;
				CLANG_CXX_LANGUAGE_STANDARD = "gnu++14";
				CLANG_CXX_LIBRARY = "libc++";
				CLANG_ENABLE_MODULES = YES;
				CLANG_ENABLE_OBJC_ARC = YES;
				CLANG_ENABLE_OBJC_WEAK = YES;
				CLANG_WARN_BLOCK_CAPTURE_AUTORELEASING = YES;
				CLANG_WARN_BOOL_CONVERSION = YES;
				CLANG_WARN_COMMA = YES;
				CLANG_WARN_CONSTANT_CONVERSION = YES;
				CLANG_WARN_DEPRECATED_OBJC_IMPLEMENTATIONS = YES;
				CLANG_WARN_DIRECT_OBJC_ISA_USAGE = YES_ERROR;
				CLANG_WARN_DOCUMENTATION_COMMENTS = YES;
				CLANG_WARN_EMPTY_BODY = YES;
				CLANG_WARN_ENUM_CONVERSION = YES;
				CLANG_WARN_INFINITE_RECURSION = YES;
				CLANG_WARN_INT_CONVERSION = YES;
				CLANG_WARN_NON_LITERAL_NULL_CONVERSION = YES;
				CLANG_WARN_OBJC_IMPLICIT_RETAIN_SELF = YES;
				CLANG_WARN_OBJC_LITERAL_CONVERSION = YES;
				CLANG_WARN_OBJC_ROOT_CLASS = YES_ERROR;
				CLANG_WARN_RANGE_LOOP_ANALYSIS = YES;
				CLANG_WARN_STRICT_PROTOTYPES = YES;
				CLANG_WARN_SUSPICIOUS_MOVE = YES;
				CLANG_WARN_UNGUARDED_AVAILABILITY = YES_AGGRESSIVE;
				CLANG_WARN_UNREACHABLE_CODE = YES;
				CLANG_WARN__DUPLICATE_METHOD_MATCH = YES;
				CODE_SIGN_IDENTITY = "iPhone Developer";
				COPY_PHASE_STRIP = NO;
				DEBUG_INFORMATION_FORMAT = "dwarf-with-dsym";
				ENABLE_NS_ASSERTIONS = NO;
				ENABLE_STRICT_OBJC_MSGSEND = YES;
				GCC_C_LANGUAGE_STANDARD = gnu11;
				GCC_NO_COMMON_BLOCKS = YES;
				GCC_WARN_64_TO_32_BIT_CONVERSION = YES;
				GCC_WARN_ABOUT_RETURN_TYPE = YES_ERROR;
				GCC_WARN_UNDECLARED_SELECTOR = YES;
				GCC_WARN_UNINITIALIZED_AUTOS = YES_AGGRESSIVE;
				GCC_WARN_UNUSED_FUNCTION = YES;
				GCC_WARN_UNUSED_VARIABLE = YES;
				IPHONEOS_DEPLOYMENT_TARGET = 12.2;
				MTL_ENABLE_DEBUG_INFO = NO;
				MTL_FAST_MATH = YES;
				SDKROOT = iphoneos;
				SWIFT_COMPILATION_MODE = wholemodule;
				SWIFT_OPTIMIZATION_LEVEL = "-O";
				VALIDATE_PRODUCT = YES;
			};
			name = Release;
		};
		5FDFC72122986FE2009B263D /* Debug */ = {
			isa = XCBuildConfiguration;
			buildSettings = {
				ASSETCATALOG_COMPILER_APPICON_NAME = AppIcon;
				CODE_SIGN_STYLE = Automatic;
				INFOPLIST_FILE = Figma/Info.plist;
				LD_RUNPATH_SEARCH_PATHS = (
					"$(inherited)",
					"@executable_path/Frameworks",
				);
				PRODUCT_BUNDLE_IDENTIFIER = net.wasim.Figma;
				PRODUCT_NAME = "$(TARGET_NAME)";
				SWIFT_VERSION = 5.0;
				TARGETED_DEVICE_FAMILY = "1,2";
			};
			name = Debug;
		};
		5FDFC72222986FE2009B263D /* Release */ = {
			isa = XCBuildConfiguration;
			buildSettings = {
				ASSETCATALOG_COMPILER_APPICON_NAME = AppIcon;
				CODE_SIGN_STYLE = Automatic;
				INFOPLIST_FILE = Figma/Info.plist;
				LD_RUNPATH_SEARCH_PATHS = (
					"$(inherited)",
					"@executable_path/Frameworks",
				);
				PRODUCT_BUNDLE_IDENTIFIER = net.wasim.Figma;
				PRODUCT_NAME = "$(TARGET_NAME)";
				SWIFT_VERSION = 5.0;
				TARGETED_DEVICE_FAMILY = "1,2";
			};
			name = Release;
		};
		5FDFC72422986FE2009B263D /* Debug */ = {
			isa = XCBuildConfiguration;
			buildSettings = {
				ALWAYS_EMBED_SWIFT_STANDARD_LIBRARIES = YES;
				BUNDLE_LOADER = "$(TEST_HOST)";
				CODE_SIGN_STYLE = Automatic;
				INFOPLIST_FILE = FigmaTests/Info.plist;
				LD_RUNPATH_SEARCH_PATHS = (
					"$(inherited)",
					"@executable_path/Frameworks",
					"@loader_path/Frameworks",
				);
				PRODUCT_BUNDLE_IDENTIFIER = net.wasim.FigmaTests;
				PRODUCT_NAME = "$(TARGET_NAME)";
				SWIFT_VERSION = 5.0;
				TARGETED_DEVICE_FAMILY = "1,2";
				TEST_HOST = "$(BUILT_PRODUCTS_DIR)/Figma.app/Figma";
			};
			name = Debug;
		};
		5FDFC72522986FE2009B263D /* Release */ = {
			isa = XCBuildConfiguration;
			buildSettings = {
				ALWAYS_EMBED_SWIFT_STANDARD_LIBRARIES = YES;
				BUNDLE_LOADER = "$(TEST_HOST)";
				CODE_SIGN_STYLE = Automatic;
				INFOPLIST_FILE = FigmaTests/Info.plist;
				LD_RUNPATH_SEARCH_PATHS = (
					"$(inherited)",
					"@executable_path/Frameworks",
					"@loader_path/Frameworks",
				);
				PRODUCT_BUNDLE_IDENTIFIER = net.wasim.FigmaTests;
				PRODUCT_NAME = "$(TARGET_NAME)";
				SWIFT_VERSION = 5.0;
				TARGETED_DEVICE_FAMILY = "1,2";
				TEST_HOST = "$(BUILT_PRODUCTS_DIR)/Figma.app/Figma";
			};
			name = Release;
		};
/* End XCBuildConfiguration section */

/* Begin XCConfigurationList section */
		5FDFC6FE22986FE0009B263D /* Build configuration list for PBXProject "Figma" */ = {
			isa = XCConfigurationList;
			buildConfigurations = (
				5FDFC71E22986FE2009B263D /* Debug */,
				5FDFC71F22986FE2009B263D /* Release */,
			);
			defaultConfigurationIsVisible = 0;
			defaultConfigurationName = Release;
		};
		5FDFC72022986FE2009B263D /* Build configuration list for PBXNativeTarget "Figma" */ = {
			isa = XCConfigurationList;
			buildConfigurations = (
				5FDFC72122986FE2009B263D /* Debug */,
				5FDFC72222986FE2009B263D /* Release */,
			);
			defaultConfigurationIsVisible = 0;
			defaultConfigurationName = Release;
		};
		5FDFC72322986FE2009B263D /* Build configuration list for PBXNativeTarget "FigmaTests" */ = {
			isa = XCConfigurationList;
			buildConfigurations = (
				5FDFC72422986FE2009B263D /* Debug */,
				5FDFC72522986FE2009B263D /* Release */,
			);
			defaultConfigurationIsVisible = 0;
			defaultConfigurationName = Release;
		};
/* End XCConfigurationList section */
	};
	rootObject = 5FDFC6FB22986FE0009B263D /* Project object */;
}
